
Microsoft Visual Studio Solution File, Format Version 12.00
# Visual Studio 14
VisualStudioVersion = 14.0.25420.1
MinimumVisualStudioVersion = 10.0.40219.1
Project("{FAE04EC0-301F-11D3-BF4B-00C04F79EFBC}") = "Graphite", "Graphite\Graphite.csproj", "{05530EED-1658-4F66-8E42-796FF449AEA4}"
EndProject
Project("{FAE04EC0-301F-11D3-BF4B-00C04F79EFBC}") = "Graphite.Test", "Graphite.Test\Graphite.Test.csproj", "{C4EB3065-0684-4CC2-8327-3429C5DE9C16}"
EndProject
Project("{FAE04EC0-301F-11D3-BF4B-00C04F79EFBC}") = "Graphite.Core", "Graphite\Graphite.Core.csproj", "{06A2719D-DB14-47A2-B8AB-A33163A33A33}"
EndProject
Project("{FAE04EC0-301F-11D3-BF4B-00C04F79EFBC}") = "Graphite.Core.Tests", "Graphite.Core.Tests\Graphite.Core.Tests.csproj", "{4C8A0198-4956-48DB-BBBC-C5B93AFD138B}"
EndProject
Global
	GlobalSection(SolutionConfigurationPlatforms) = preSolution
		Debug|Any CPU = Debug|Any CPU
		Release|Any CPU = Release|Any CPU
	EndGlobalSection
	GlobalSection(ProjectConfigurationPlatforms) = postSolution
		{05530EED-1658-4F66-8E42-796FF449AEA4}.Debug|Any CPU.ActiveCfg = Debug|Any CPU
		{05530EED-1658-4F66-8E42-796FF449AEA4}.Debug|Any CPU.Build.0 = Debug|Any CPU
		{05530EED-1658-4F66-8E42-796FF449AEA4}.Release|Any CPU.ActiveCfg = Release|Any CPU
		{05530EED-1658-4F66-8E42-796FF449AEA4}.Release|Any CPU.Build.0 = Release|Any CPU
		{C4EB3065-0684-4CC2-8327-3429C5DE9C16}.Debug|Any CPU.ActiveCfg = Debug|Any CPU
		{C4EB3065-0684-4CC2-8327-3429C5DE9C16}.Debug|Any CPU.Build.0 = Debug|Any CPU
		{C4EB3065-0684-4CC2-8327-3429C5DE9C16}.Release|Any CPU.ActiveCfg = Release|Any CPU
		{C4EB3065-0684-4CC2-8327-3429C5DE9C16}.Release|Any CPU.Build.0 = Release|Any CPU
		{06A2719D-DB14-47A2-B8AB-A33163A33A33}.Debug|Any CPU.ActiveCfg = Debug|Any CPU
		{06A2719D-DB14-47A2-B8AB-A33163A33A33}.Debug|Any CPU.Build.0 = Debug|Any CPU
		{06A2719D-DB14-47A2-B8AB-A33163A33A33}.Release|Any CPU.ActiveCfg = Release|Any CPU
		{06A2719D-DB14-47A2-B8AB-A33163A33A33}.Release|Any CPU.Build.0 = Release|Any CPU
		{4C8A0198-4956-48DB-BBBC-C5B93AFD138B}.Debug|Any CPU.ActiveCfg = Debug|Any CPU
		{4C8A0198-4956-48DB-BBBC-C5B93AFD138B}.Debug|Any CPU.Build.0 = Debug|Any CPU
		{4C8A0198-4956-48DB-BBBC-C5B93AFD138B}.Release|Any CPU.ActiveCfg = Release|Any CPU
		{4C8A0198-4956-48DB-BBBC-C5B93AFD138B}.Release|Any CPU.Build.0 = Release|Any CPU
	EndGlobalSection
	GlobalSection(SolutionProperties) = preSolution
		HideSolutionNode = FALSE
	EndGlobalSection
EndGlobal
