
Microsoft Visual Studio Solution File, Format Version 12.00
# Visual Studio 15
VisualStudioVersion = 15.0.28010.2048
MinimumVisualStudioVersion = 10.0.40219.1
Project("{FAE04EC0-301F-11D3-BF4B-00C04F79EFBC}") = "Graphite", "Graphite\Graphite.csproj", "{05530EED-1658-4F66-8E42-796FF449AEA4}"
EndProject
Project("{FAE04EC0-301F-11D3-BF4B-00C04F79EFBC}") = "Graphite.Test", "Graphite.Test\Graphite.Test.csproj", "{C4EB3065-0684-4CC2-8327-3429C5DE9C16}"
EndProject
Global
	GlobalSection(SolutionConfigurationPlatforms) = preSolution
		Debug|Any CPU = Debug|Any CPU
		Release|Any CPU = Release|Any CPU
	EndGlobalSection
	GlobalSection(ProjectConfigurationPlatforms) = postSolution
		{05530EED-1658-4F66-8E42-796FF449AEA4}.Debug|Any CPU.ActiveCfg = Debug|Any CPU
		{05530EED-1658-4F66-8E42-796FF449AEA4}.Debug|Any CPU.Build.0 = Debug|Any CPU
		{05530EED-1658-4F66-8E42-796FF449AEA4}.Release|Any CPU.ActiveCfg = Release|Any CPU
		{05530EED-1658-4F66-8E42-796FF449AEA4}.Release|Any CPU.Build.0 = Release|Any CPU
		{C4EB3065-0684-4CC2-8327-3429C5DE9C16}.Debug|Any CPU.ActiveCfg = Debug|Any CPU
		{C4EB3065-0684-4CC2-8327-3429C5DE9C16}.Debug|Any CPU.Build.0 = Debug|Any CPU
		{C4EB3065-0684-4CC2-8327-3429C5DE9C16}.Release|Any CPU.ActiveCfg = Release|Any CPU
		{C4EB3065-0684-4CC2-8327-3429C5DE9C16}.Release|Any CPU.Build.0 = Release|Any CPU
	EndGlobalSection
	GlobalSection(SolutionProperties) = preSolution
		HideSolutionNode = FALSE
	EndGlobalSection
	GlobalSection(ExtensibilityGlobals) = postSolution
		SolutionGuid = {8AB39995-BF82-453F-925B-969EBD601A22}
	EndGlobalSection
EndGlobal
